
Microsoft Visual Studio Solution File, Format Version 12.00
# Visual Studio Version 16
VisualStudioVersion = 16.0.29102.190
MinimumVisualStudioVersion = 10.0.40219.1
Project("{FAE04EC0-301F-11D3-BF4B-00C04F79EFBC}") = "XamChatR.Android", "XamChatR\XamChatR.Android\XamChatR.Android.csproj", "{0FB69CAB-69BB-45DA-B3A9-4BDFF5EEBC80}"
EndProject
Project("{9A19103F-16F7-4668-BE54-9A1E7A4F7556}") = "XamChatR", "XamChatR\XamChatR\XamChatR.csproj", "{C7F30959-0FC7-4CE2-B819-245458E1353D}"
EndProject
Project("{FAE04EC0-301F-11D3-BF4B-00C04F79EFBC}") = "XamChatR.Api", "XamChatR.Api\XamChatR.Api.csproj", "{6D472A2D-EB0E-4FE4-8052-4D08BEC361F1}"
EndProject
Global
	GlobalSection(SolutionConfigurationPlatforms) = preSolution
		Debug|Any CPU = Debug|Any CPU
		Release|Any CPU = Release|Any CPU
	EndGlobalSection
	GlobalSection(ProjectConfigurationPlatforms) = postSolution
		{0FB69CAB-69BB-45DA-B3A9-4BDFF5EEBC80}.Debug|Any CPU.ActiveCfg = Debug|Any CPU
		{0FB69CAB-69BB-45DA-B3A9-4BDFF5EEBC80}.Debug|Any CPU.Build.0 = Debug|Any CPU
		{0FB69CAB-69BB-45DA-B3A9-4BDFF5EEBC80}.Debug|Any CPU.Deploy.0 = Debug|Any CPU
		{0FB69CAB-69BB-45DA-B3A9-4BDFF5EEBC80}.Release|Any CPU.ActiveCfg = Release|Any CPU
		{0FB69CAB-69BB-45DA-B3A9-4BDFF5EEBC80}.Release|Any CPU.Build.0 = Release|Any CPU
		{0FB69CAB-69BB-45DA-B3A9-4BDFF5EEBC80}.Release|Any CPU.Deploy.0 = Release|Any CPU
		{C7F30959-0FC7-4CE2-B819-245458E1353D}.Debug|Any CPU.ActiveCfg = Debug|Any CPU
		{C7F30959-0FC7-4CE2-B819-245458E1353D}.Debug|Any CPU.Build.0 = Debug|Any CPU
		{C7F30959-0FC7-4CE2-B819-245458E1353D}.Debug|Any CPU.Deploy.0 = Debug|Any CPU
		{C7F30959-0FC7-4CE2-B819-245458E1353D}.Release|Any CPU.ActiveCfg = Release|Any CPU
		{C7F30959-0FC7-4CE2-B819-245458E1353D}.Release|Any CPU.Build.0 = Release|Any CPU
		{C7F30959-0FC7-4CE2-B819-245458E1353D}.Release|Any CPU.Deploy.0 = Release|Any CPU
		{6D472A2D-EB0E-4FE4-8052-4D08BEC361F1}.Debug|Any CPU.ActiveCfg = Debug|Any CPU
		{6D472A2D-EB0E-4FE4-8052-4D08BEC361F1}.Debug|Any CPU.Build.0 = Debug|Any CPU
		{6D472A2D-EB0E-4FE4-8052-4D08BEC361F1}.Release|Any CPU.ActiveCfg = Release|Any CPU
		{6D472A2D-EB0E-4FE4-8052-4D08BEC361F1}.Release|Any CPU.Build.0 = Release|Any CPU
	EndGlobalSection
	GlobalSection(SolutionProperties) = preSolution
		HideSolutionNode = FALSE
	EndGlobalSection
	GlobalSection(ExtensibilityGlobals) = postSolution
		SolutionGuid = {B447D581-2FC4-4B99-B578-62BADF0FC776}
	EndGlobalSection
EndGlobal
